
Microsoft Visual Studio Solution File, Format Version 12.00
# Visual Studio Version 17
VisualStudioVersion = 17.0.31903.59
MinimumVisualStudioVersion = 10.0.40219.1
Project("{2150E333-8FDC-42A3-9474-1A3956D46DE8}") = "src", "src", "{827E0CD3-B72D-47B6-A68D-7590B98EB39B}"
EndProject
Project("{FAE04EC0-301F-11D3-BF4B-00C04F79EFBC}") = "L2SLedger.Domain", "src\L2SLedger.Domain\L2SLedger.Domain.csproj", "{A3E44400-F721-4391-8236-4CB26A6BE837}"
EndProject
Project("{FAE04EC0-301F-11D3-BF4B-00C04F79EFBC}") = "L2SLedger.Application", "src\L2SLedger.Application\L2SLedger.Application.csproj", "{93A609F1-B08A-46D0-AD4F-ECDC249F262E}"
EndProject
Project("{FAE04EC0-301F-11D3-BF4B-00C04F79EFBC}") = "L2SLedger.Infrastructure", "src\L2SLedger.Infrastructure\L2SLedger.Infrastructure.csproj", "{59033A9C-3B73-4BA7-A5BD-9750F9BB85AC}"
EndProject
Project("{FAE04EC0-301F-11D3-BF4B-00C04F79EFBC}") = "L2SLedger.API", "src\L2SLedger.API\L2SLedger.API.csproj", "{19CDAFA6-A1FA-46EB-9697-C44E25DD784B}"
EndProject
Project("{2150E333-8FDC-42A3-9474-1A3956D46DE8}") = "tests", "tests", "{0AB3BF05-4346-4AA6-1389-037BE0695223}"
EndProject
Project("{FAE04EC0-301F-11D3-BF4B-00C04F79EFBC}") = "L2SLedger.Domain.Tests", "tests\L2SLedger.Domain.Tests\L2SLedger.Domain.Tests.csproj", "{909B6FC3-8C86-4E0E-9EE6-0F59E71F86D2}"
EndProject
Project("{FAE04EC0-301F-11D3-BF4B-00C04F79EFBC}") = "L2SLedger.Application.Tests", "tests\L2SLedger.Application.Tests\L2SLedger.Application.Tests.csproj", "{9BDD4539-ADF5-4278-BAF0-375B52DF9931}"
EndProject
Project("{FAE04EC0-301F-11D3-BF4B-00C04F79EFBC}") = "L2SLedger.Infrastructure.Tests", "tests\L2SLedger.Infrastructure.Tests\L2SLedger.Infrastructure.Tests.csproj", "{09CB8414-BEA8-4F0A-981D-38006271E1EE}"
EndProject
Project("{FAE04EC0-301F-11D3-BF4B-00C04F79EFBC}") = "L2SLedger.API.Tests", "tests\L2SLedger.API.Tests\L2SLedger.API.Tests.csproj", "{08E06148-FA98-4CB3-81C8-6F7B5D00AB95}"
EndProject
Project("{FAE04EC0-301F-11D3-BF4B-00C04F79EFBC}") = "L2SLedger.Contract.Tests", "tests\L2SLedger.Contract.Tests\L2SLedger.Contract.Tests.csproj", "{3E2929F6-282C-430F-9199-F1863DFB1E5F}"
EndProject
Global
	GlobalSection(SolutionConfigurationPlatforms) = preSolution
		Debug|Any CPU = Debug|Any CPU
		Debug|x64 = Debug|x64
		Debug|x86 = Debug|x86
		Release|Any CPU = Release|Any CPU
		Release|x64 = Release|x64
		Release|x86 = Release|x86
	EndGlobalSection
	GlobalSection(ProjectConfigurationPlatforms) = postSolution
		{A3E44400-F721-4391-8236-4CB26A6BE837}.Debug|Any CPU.ActiveCfg = Debug|Any CPU
		{A3E44400-F721-4391-8236-4CB26A6BE837}.Debug|Any CPU.Build.0 = Debug|Any CPU
		{A3E44400-F721-4391-8236-4CB26A6BE837}.Debug|x64.ActiveCfg = Debug|Any CPU
		{A3E44400-F721-4391-8236-4CB26A6BE837}.Debug|x64.Build.0 = Debug|Any CPU
		{A3E44400-F721-4391-8236-4CB26A6BE837}.Debug|x86.ActiveCfg = Debug|Any CPU
		{A3E44400-F721-4391-8236-4CB26A6BE837}.Debug|x86.Build.0 = Debug|Any CPU
		{A3E44400-F721-4391-8236-4CB26A6BE837}.Release|Any CPU.ActiveCfg = Release|Any CPU
		{A3E44400-F721-4391-8236-4CB26A6BE837}.Release|Any CPU.Build.0 = Release|Any CPU
		{A3E44400-F721-4391-8236-4CB26A6BE837}.Release|x64.ActiveCfg = Release|Any CPU
		{A3E44400-F721-4391-8236-4CB26A6BE837}.Release|x64.Build.0 = Release|Any CPU
		{A3E44400-F721-4391-8236-4CB26A6BE837}.Release|x86.ActiveCfg = Release|Any CPU
		{A3E44400-F721-4391-8236-4CB26A6BE837}.Release|x86.Build.0 = Release|Any CPU
		{93A609F1-B08A-46D0-AD4F-ECDC249F262E}.Debug|Any CPU.ActiveCfg = Debug|Any CPU
		{93A609F1-B08A-46D0-AD4F-ECDC249F262E}.Debug|Any CPU.Build.0 = Debug|Any CPU
		{93A609F1-B08A-46D0-AD4F-ECDC249F262E}.Debug|x64.ActiveCfg = Debug|Any CPU
		{93A609F1-B08A-46D0-AD4F-ECDC249F262E}.Debug|x64.Build.0 = Debug|Any CPU
		{93A609F1-B08A-46D0-AD4F-ECDC249F262E}.Debug|x86.ActiveCfg = Debug|Any CPU
		{93A609F1-B08A-46D0-AD4F-ECDC249F262E}.Debug|x86.Build.0 = Debug|Any CPU
		{93A609F1-B08A-46D0-AD4F-ECDC249F262E}.Release|Any CPU.ActiveCfg = Release|Any CPU
		{93A609F1-B08A-46D0-AD4F-ECDC249F262E}.Release|Any CPU.Build.0 = Release|Any CPU
		{93A609F1-B08A-46D0-AD4F-ECDC249F262E}.Release|x64.ActiveCfg = Release|Any CPU
		{93A609F1-B08A-46D0-AD4F-ECDC249F262E}.Release|x64.Build.0 = Release|Any CPU
		{93A609F1-B08A-46D0-AD4F-ECDC249F262E}.Release|x86.ActiveCfg = Release|Any CPU
		{93A609F1-B08A-46D0-AD4F-ECDC249F262E}.Release|x86.Build.0 = Release|Any CPU
		{59033A9C-3B73-4BA7-A5BD-9750F9BB85AC}.Debug|Any CPU.ActiveCfg = Debug|Any CPU
		{59033A9C-3B73-4BA7-A5BD-9750F9BB85AC}.Debug|Any CPU.Build.0 = Debug|Any CPU
		{59033A9C-3B73-4BA7-A5BD-9750F9BB85AC}.Debug|x64.ActiveCfg = Debug|Any CPU
		{59033A9C-3B73-4BA7-A5BD-9750F9BB85AC}.Debug|x64.Build.0 = Debug|Any CPU
		{59033A9C-3B73-4BA7-A5BD-9750F9BB85AC}.Debug|x86.ActiveCfg = Debug|Any CPU
		{59033A9C-3B73-4BA7-A5BD-9750F9BB85AC}.Debug|x86.Build.0 = Debug|Any CPU
		{59033A9C-3B73-4BA7-A5BD-9750F9BB85AC}.Release|Any CPU.ActiveCfg = Release|Any CPU
		{59033A9C-3B73-4BA7-A5BD-9750F9BB85AC}.Release|Any CPU.Build.0 = Release|Any CPU
		{59033A9C-3B73-4BA7-A5BD-9750F9BB85AC}.Release|x64.ActiveCfg = Release|Any CPU
		{59033A9C-3B73-4BA7-A5BD-9750F9BB85AC}.Release|x64.Build.0 = Release|Any CPU
		{59033A9C-3B73-4BA7-A5BD-9750F9BB85AC}.Release|x86.ActiveCfg = Release|Any CPU
		{59033A9C-3B73-4BA7-A5BD-9750F9BB85AC}.Release|x86.Build.0 = Release|Any CPU
		{19CDAFA6-A1FA-46EB-9697-C44E25DD784B}.Debug|Any CPU.ActiveCfg = Debug|Any CPU
		{19CDAFA6-A1FA-46EB-9697-C44E25DD784B}.Debug|Any CPU.Build.0 = Debug|Any CPU
		{19CDAFA6-A1FA-46EB-9697-C44E25DD784B}.Debug|x64.ActiveCfg = Debug|Any CPU
		{19CDAFA6-A1FA-46EB-9697-C44E25DD784B}.Debug|x64.Build.0 = Debug|Any CPU
		{19CDAFA6-A1FA-46EB-9697-C44E25DD784B}.Debug|x86.ActiveCfg = Debug|Any CPU
		{19CDAFA6-A1FA-46EB-9697-C44E25DD784B}.Debug|x86.Build.0 = Debug|Any CPU
		{19CDAFA6-A1FA-46EB-9697-C44E25DD784B}.Release|Any CPU.ActiveCfg = Release|Any CPU
		{19CDAFA6-A1FA-46EB-9697-C44E25DD784B}.Release|Any CPU.Build.0 = Release|Any CPU
		{19CDAFA6-A1FA-46EB-9697-C44E25DD784B}.Release|x64.ActiveCfg = Release|Any CPU
		{19CDAFA6-A1FA-46EB-9697-C44E25DD784B}.Release|x64.Build.0 = Release|Any CPU
		{19CDAFA6-A1FA-46EB-9697-C44E25DD784B}.Release|x86.ActiveCfg = Release|Any CPU
		{19CDAFA6-A1FA-46EB-9697-C44E25DD784B}.Release|x86.Build.0 = Release|Any CPU
		{909B6FC3-8C86-4E0E-9EE6-0F59E71F86D2}.Debug|Any CPU.ActiveCfg = Debug|Any CPU
		{909B6FC3-8C86-4E0E-9EE6-0F59E71F86D2}.Debug|Any CPU.Build.0 = Debug|Any CPU
		{909B6FC3-8C86-4E0E-9EE6-0F59E71F86D2}.Debug|x64.ActiveCfg = Debug|Any CPU
		{909B6FC3-8C86-4E0E-9EE6-0F59E71F86D2}.Debug|x64.Build.0 = Debug|Any CPU
		{909B6FC3-8C86-4E0E-9EE6-0F59E71F86D2}.Debug|x86.ActiveCfg = Debug|Any CPU
		{909B6FC3-8C86-4E0E-9EE6-0F59E71F86D2}.Debug|x86.Build.0 = Debug|Any CPU
		{909B6FC3-8C86-4E0E-9EE6-0F59E71F86D2}.Release|Any CPU.ActiveCfg = Release|Any CPU
		{909B6FC3-8C86-4E0E-9EE6-0F59E71F86D2}.Release|Any CPU.Build.0 = Release|Any CPU
		{909B6FC3-8C86-4E0E-9EE6-0F59E71F86D2}.Release|x64.ActiveCfg = Release|Any CPU
		{909B6FC3-8C86-4E0E-9EE6-0F59E71F86D2}.Release|x64.Build.0 = Release|Any CPU
		{909B6FC3-8C86-4E0E-9EE6-0F59E71F86D2}.Release|x86.ActiveCfg = Release|Any CPU
		{909B6FC3-8C86-4E0E-9EE6-0F59E71F86D2}.Release|x86.Build.0 = Release|Any CPU
		{9BDD4539-ADF5-4278-BAF0-375B52DF9931}.Debug|Any CPU.ActiveCfg = Debug|Any CPU
		{9BDD4539-ADF5-4278-BAF0-375B52DF9931}.Debug|Any CPU.Build.0 = Debug|Any CPU
		{9BDD4539-ADF5-4278-BAF0-375B52DF9931}.Debug|x64.ActiveCfg = Debug|Any CPU
		{9BDD4539-ADF5-4278-BAF0-375B52DF9931}.Debug|x64.Build.0 = Debug|Any CPU
		{9BDD4539-ADF5-4278-BAF0-375B52DF9931}.Debug|x86.ActiveCfg = Debug|Any CPU
		{9BDD4539-ADF5-4278-BAF0-375B52DF9931}.Debug|x86.Build.0 = Debug|Any CPU
		{9BDD4539-ADF5-4278-BAF0-375B52DF9931}.Release|Any CPU.ActiveCfg = Release|Any CPU
		{9BDD4539-ADF5-4278-BAF0-375B52DF9931}.Release|Any CPU.Build.0 = Release|Any CPU
		{9BDD4539-ADF5-4278-BAF0-375B52DF9931}.Release|x64.ActiveCfg = Release|Any CPU
		{9BDD4539-ADF5-4278-BAF0-375B52DF9931}.Release|x64.Build.0 = Release|Any CPU
		{9BDD4539-ADF5-4278-BAF0-375B52DF9931}.Release|x86.ActiveCfg = Release|Any CPU
		{9BDD4539-ADF5-4278-BAF0-375B52DF9931}.Release|x86.Build.0 = Release|Any CPU
		{09CB8414-BEA8-4F0A-981D-38006271E1EE}.Debug|Any CPU.ActiveCfg = Debug|Any CPU
		{09CB8414-BEA8-4F0A-981D-38006271E1EE}.Debug|Any CPU.Build.0 = Debug|Any CPU
		{09CB8414-BEA8-4F0A-981D-38006271E1EE}.Debug|x64.ActiveCfg = Debug|Any CPU
		{09CB8414-BEA8-4F0A-981D-38006271E1EE}.Debug|x64.Build.0 = Debug|Any CPU
		{09CB8414-BEA8-4F0A-981D-38006271E1EE}.Debug|x86.ActiveCfg = Debug|Any CPU
		{09CB8414-BEA8-4F0A-981D-38006271E1EE}.Debug|x86.Build.0 = Debug|Any CPU
		{09CB8414-BEA8-4F0A-981D-38006271E1EE}.Release|Any CPU.ActiveCfg = Release|Any CPU
		{09CB8414-BEA8-4F0A-981D-38006271E1EE}.Release|Any CPU.Build.0 = Release|Any CPU
		{09CB8414-BEA8-4F0A-981D-38006271E1EE}.Release|x64.ActiveCfg = Release|Any CPU
		{09CB8414-BEA8-4F0A-981D-38006271E1EE}.Release|x64.Build.0 = Release|Any CPU
		{09CB8414-BEA8-4F0A-981D-38006271E1EE}.Release|x86.ActiveCfg = Release|Any CPU
		{09CB8414-BEA8-4F0A-981D-38006271E1EE}.Release|x86.Build.0 = Release|Any CPU
		{08E06148-FA98-4CB3-81C8-6F7B5D00AB95}.Debug|Any CPU.ActiveCfg = Debug|Any CPU
		{08E06148-FA98-4CB3-81C8-6F7B5D00AB95}.Debug|Any CPU.Build.0 = Debug|Any CPU
		{08E06148-FA98-4CB3-81C8-6F7B5D00AB95}.Debug|x64.ActiveCfg = Debug|Any CPU
		{08E06148-FA98-4CB3-81C8-6F7B5D00AB95}.Debug|x64.Build.0 = Debug|Any CPU
		{08E06148-FA98-4CB3-81C8-6F7B5D00AB95}.Debug|x86.ActiveCfg = Debug|Any CPU
		{08E06148-FA98-4CB3-81C8-6F7B5D00AB95}.Debug|x86.Build.0 = Debug|Any CPU
		{08E06148-FA98-4CB3-81C8-6F7B5D00AB95}.Release|Any CPU.ActiveCfg = Release|Any CPU
		{08E06148-FA98-4CB3-81C8-6F7B5D00AB95}.Release|Any CPU.Build.0 = Release|Any CPU
		{08E06148-FA98-4CB3-81C8-6F7B5D00AB95}.Release|x64.ActiveCfg = Release|Any CPU
		{08E06148-FA98-4CB3-81C8-6F7B5D00AB95}.Release|x64.Build.0 = Release|Any CPU
		{08E06148-FA98-4CB3-81C8-6F7B5D00AB95}.Release|x86.ActiveCfg = Release|Any CPU
		{08E06148-FA98-4CB3-81C8-6F7B5D00AB95}.Release|x86.Build.0 = Release|Any CPU
		{3E2929F6-282C-430F-9199-F1863DFB1E5F}.Debug|Any CPU.ActiveCfg = Debug|Any CPU
		{3E2929F6-282C-430F-9199-F1863DFB1E5F}.Debug|Any CPU.Build.0 = Debug|Any CPU
		{3E2929F6-282C-430F-9199-F1863DFB1E5F}.Debug|x64.ActiveCfg = Debug|Any CPU
		{3E2929F6-282C-430F-9199-F1863DFB1E5F}.Debug|x64.Build.0 = Debug|Any CPU
		{3E2929F6-282C-430F-9199-F1863DFB1E5F}.Debug|x86.ActiveCfg = Debug|Any CPU
		{3E2929F6-282C-430F-9199-F1863DFB1E5F}.Debug|x86.Build.0 = Debug|Any CPU
		{3E2929F6-282C-430F-9199-F1863DFB1E5F}.Release|Any CPU.ActiveCfg = Release|Any CPU
		{3E2929F6-282C-430F-9199-F1863DFB1E5F}.Release|Any CPU.Build.0 = Release|Any CPU
		{3E2929F6-282C-430F-9199-F1863DFB1E5F}.Release|x64.ActiveCfg = Release|Any CPU
		{3E2929F6-282C-430F-9199-F1863DFB1E5F}.Release|x64.Build.0 = Release|Any CPU
		{3E2929F6-282C-430F-9199-F1863DFB1E5F}.Release|x86.ActiveCfg = Release|Any CPU
		{3E2929F6-282C-430F-9199-F1863DFB1E5F}.Release|x86.Build.0 = Release|Any CPU
	EndGlobalSection
	GlobalSection(SolutionProperties) = preSolution
		HideSolutionNode = FALSE
	EndGlobalSection
	GlobalSection(NestedProjects) = preSolution
		{A3E44400-F721-4391-8236-4CB26A6BE837} = {827E0CD3-B72D-47B6-A68D-7590B98EB39B}
		{93A609F1-B08A-46D0-AD4F-ECDC249F262E} = {827E0CD3-B72D-47B6-A68D-7590B98EB39B}
		{59033A9C-3B73-4BA7-A5BD-9750F9BB85AC} = {827E0CD3-B72D-47B6-A68D-7590B98EB39B}
		{19CDAFA6-A1FA-46EB-9697-C44E25DD784B} = {827E0CD3-B72D-47B6-A68D-7590B98EB39B}
		{909B6FC3-8C86-4E0E-9EE6-0F59E71F86D2} = {0AB3BF05-4346-4AA6-1389-037BE0695223}
		{9BDD4539-ADF5-4278-BAF0-375B52DF9931} = {0AB3BF05-4346-4AA6-1389-037BE0695223}
		{09CB8414-BEA8-4F0A-981D-38006271E1EE} = {0AB3BF05-4346-4AA6-1389-037BE0695223}
		{08E06148-FA98-4CB3-81C8-6F7B5D00AB95} = {0AB3BF05-4346-4AA6-1389-037BE0695223}
		{3E2929F6-282C-430F-9199-F1863DFB1E5F} = {0AB3BF05-4346-4AA6-1389-037BE0695223}
	EndGlobalSection
EndGlobal
